// !$*UTF8*$!
{
	archiveVersion = 1;
	classes = {
	};
	objectVersion = 50;
	objects = {

/* Begin PBXBuildFile section */
		571468ED2228225F00B66E75 /* AppDelegate.swift in Sources */ = {isa = PBXBuildFile; fileRef = 571468EC2228225F00B66E75 /* AppDelegate.swift */; };
		571468EF2228225F00B66E75 /* GameScene.sks in Resources */ = {isa = PBXBuildFile; fileRef = 571468EE2228225F00B66E75 /* GameScene.sks */; };
		571468F12228225F00B66E75 /* Actions.sks in Resources */ = {isa = PBXBuildFile; fileRef = 571468F02228225F00B66E75 /* Actions.sks */; };
		571468F32228225F00B66E75 /* GameScene.swift in Sources */ = {isa = PBXBuildFile; fileRef = 571468F22228225F00B66E75 /* GameScene.swift */; };
		571468F52228225F00B66E75 /* GameViewController.swift in Sources */ = {isa = PBXBuildFile; fileRef = 571468F42228225F00B66E75 /* GameViewController.swift */; };
		571468F82228225F00B66E75 /* Main.storyboard in Resources */ = {isa = PBXBuildFile; fileRef = 571468F62228225F00B66E75 /* Main.storyboard */; };
		571468FA2228226000B66E75 /* Assets.xcassets in Resources */ = {isa = PBXBuildFile; fileRef = 571468F92228226000B66E75 /* Assets.xcassets */; };
		571468FD2228226000B66E75 /* LaunchScreen.storyboard in Resources */ = {isa = PBXBuildFile; fileRef = 571468FB2228226000B66E75 /* LaunchScreen.storyboard */; };
		57146909222892F300B66E75 /* LifeBar.swift in Sources */ = {isa = PBXBuildFile; fileRef = 57146908222892F300B66E75 /* LifeBar.swift */; };
/* End PBXBuildFile section */

/* Begin PBXFileReference section */
		571468E92228225F00B66E75 /* LifeBar.app */ = {isa = PBXFileReference; explicitFileType = wrapper.application; includeInIndex = 0; path = LifeBar.app; sourceTree = BUILT_PRODUCTS_DIR; };
		571468EC2228225F00B66E75 /* AppDelegate.swift */ = {isa = PBXFileReference; lastKnownFileType = sourcecode.swift; path = AppDelegate.swift; sourceTree = "<group>"; };
		571468EE2228225F00B66E75 /* GameScene.sks */ = {isa = PBXFileReference; lastKnownFileType = file.sks; path = GameScene.sks; sourceTree = "<group>"; };
		571468F02228225F00B66E75 /* Actions.sks */ = {isa = PBXFileReference; lastKnownFileType = file.sks; path = Actions.sks; sourceTree = "<group>"; };
		571468F22228225F00B66E75 /* GameScene.swift */ = {isa = PBXFileReference; lastKnownFileType = sourcecode.swift; path = GameScene.swift; sourceTree = "<group>"; };
		571468F42228225F00B66E75 /* GameViewController.swift */ = {isa = PBXFileReference; lastKnownFileType = sourcecode.swift; path = GameViewController.swift; sourceTree = "<group>"; };
		571468F72228225F00B66E75 /* Base */ = {isa = PBXFileReference; lastKnownFileType = file.storyboard; name = Base; path = Base.lproj/Main.storyboard; sourceTree = "<group>"; };
		571468F92228226000B66E75 /* Assets.xcassets */ = {isa = PBXFileReference; lastKnownFileType = folder.assetcatalog; path = Assets.xcassets; sourceTree = "<group>"; };
		571468FC2228226000B66E75 /* Base */ = {isa = PBXFileReference; lastKnownFileType = file.storyboard; name = Base; path = Base.lproj/LaunchScreen.storyboard; sourceTree = "<group>"; };
		571468FE2228226000B66E75 /* Info.plist */ = {isa = PBXFileReference; lastKnownFileType = text.plist.xml; path = Info.plist; sourceTree = "<group>"; };
		57146908222892F300B66E75 /* LifeBar.swift */ = {isa = PBXFileReference; lastKnownFileType = sourcecode.swift; path = LifeBar.swift; sourceTree = "<group>"; };
/* End PBXFileReference section */

/* Begin PBXFrameworksBuildPhase section */
		571468E62228225F00B66E75 /* Frameworks */ = {
			isa = PBXFrameworksBuildPhase;
			buildActionMask = 2147483647;
			files = (
			);
			runOnlyForDeploymentPostprocessing = 0;
		};
/* End PBXFrameworksBuildPhase section */

/* Begin PBXGroup section */
		571468E02228225F00B66E75 = {
			isa = PBXGroup;
			children = (
				571468EB2228225F00B66E75 /* LifeBar */,
				571468EA2228225F00B66E75 /* Products */,
			);
			sourceTree = "<group>";
		};
		571468EA2228225F00B66E75 /* Products */ = {
			isa = PBXGroup;
			children = (
				571468E92228225F00B66E75 /* LifeBar.app */,
			);
			name = Products;
			sourceTree = "<group>";
		};
		571468EB2228225F00B66E75 /* LifeBar */ = {
			isa = PBXGroup;
			children = (
				571468EC2228225F00B66E75 /* AppDelegate.swift */,
				571468EE2228225F00B66E75 /* GameScene.sks */,
				571468F02228225F00B66E75 /* Actions.sks */,
				571468F22228225F00B66E75 /* GameScene.swift */,
				571468F42228225F00B66E75 /* GameViewController.swift */,
				571468F62228225F00B66E75 /* Main.storyboard */,
				571468F92228226000B66E75 /* Assets.xcassets */,
				571468FB2228226000B66E75 /* LaunchScreen.storyboard */,
				571468FE2228226000B66E75 /* Info.plist */,
				57146908222892F300B66E75 /* LifeBar.swift */,
			);
			path = LifeBar;
			sourceTree = "<group>";
		};
/* End PBXGroup section */

/* Begin PBXNativeTarget section */
		571468E82228225F00B66E75 /* LifeBar */ = {
			isa = PBXNativeTarget;
			buildConfigurationList = 571469012228226000B66E75 /* Build configuration list for PBXNativeTarget "LifeBar" */;
			buildPhases = (
				571468E52228225F00B66E75 /* Sources */,
				571468E62228225F00B66E75 /* Frameworks */,
				571468E72228225F00B66E75 /* Resources */,
			);
			buildRules = (
			);
			dependencies = (
			);
			name = LifeBar;
			productName = LifeBar;
			productReference = 571468E92228225F00B66E75 /* LifeBar.app */;
			productType = "com.apple.product-type.application";
		};
/* End PBXNativeTarget section */

/* Begin PBXProject section */
		571468E12228225F00B66E75 /* Project object */ = {
			isa = PBXProject;
			attributes = {
				LastSwiftUpdateCheck = 1010;
				LastUpgradeCheck = 1010;
				ORGANIZATIONNAME = "Jully Nobre";
				TargetAttributes = {
					571468E82228225F00B66E75 = {
						CreatedOnToolsVersion = 10.1;
					};
				};
			};
			buildConfigurationList = 571468E42228225F00B66E75 /* Build configuration list for PBXProject "LifeBar" */;
			compatibilityVersion = "Xcode 9.3";
			developmentRegion = en;
			hasScannedForEncodings = 0;
			knownRegions = (
				en,
				Base,
			);
			mainGroup = 571468E02228225F00B66E75;
			productRefGroup = 571468EA2228225F00B66E75 /* Products */;
			projectDirPath = "";
			projectRoot = "";
			targets = (
				571468E82228225F00B66E75 /* LifeBar */,
			);
		};
/* End PBXProject section */

/* Begin PBXResourcesBuildPhase section */
		571468E72228225F00B66E75 /* Resources */ = {
			isa = PBXResourcesBuildPhase;
			buildActionMask = 2147483647;
			files = (
				571468F82228225F00B66E75 /* Main.storyboard in Resources */,
				571468EF2228225F00B66E75 /* GameScene.sks in Resources */,
				571468FA2228226000B66E75 /* Assets.xcassets in Resources */,
				571468FD2228226000B66E75 /* LaunchScreen.storyboard in Resources */,
				571468F12228225F00B66E75 /* Actions.sks in Resources */,
			);
			runOnlyForDeploymentPostprocessing = 0;
		};
/* End PBXResourcesBuildPhase section */

/* Begin PBXSourcesBuildPhase section */
		571468E52228225F00B66E75 /* Sources */ = {
			isa = PBXSourcesBuildPhase;
			buildActionMask = 2147483647;
			files = (
				571468F32228225F00B66E75 /* GameScene.swift in Sources */,
				571468F52228225F00B66E75 /* GameViewController.swift in Sources */,
				57146909222892F300B66E75 /* LifeBar.swift in Sources */,
				571468ED2228225F00B66E75 /* AppDelegate.swift in Sources */,
			);
			runOnlyForDeploymentPostprocessing = 0;
		};
/* End PBXSourcesBuildPhase section */

/* Begin PBXVariantGroup section */
		571468F62228225F00B66E75 /* Main.storyboard */ = {
			isa = PBXVariantGroup;
			children = (
				571468F72228225F00B66E75 /* Base */,
			);
			name = Main.storyboard;
			sourceTree = "<group>";
		};
		571468FB2228226000B66E75 /* LaunchScreen.storyboard */ = {
			isa = PBXVariantGroup;
			children = (
				571468FC2228226000B66E75 /* Base */,
			);
			name = LaunchScreen.storyboard;
			sourceTree = "<group>";
		};
/* End PBXVariantGroup section */

/* Begin XCBuildConfiguration section */
		571468FF2228226000B66E75 /* Debug */ = {
			isa = XCBuildConfiguration;
			buildSettings = {
				ALWAYS_SEARCH_USER_PATHS = NO;
				CLANG_ANALYZER_NONNULL = YES;
				CLANG_ANALYZER_NUMBER_OBJECT_CONVERSION = YES_AGGRESSIVE;
				CLANG_CXX_LANGUAGE_STANDARD = "gnu++14";
				CLANG_CXX_LIBRARY = "libc++";
				CLANG_ENABLE_MODULES = YES;
				CLANG_ENABLE_OBJC_ARC = YES;
				CLANG_ENABLE_OBJC_WEAK = YES;
				CLANG_WARN_BLOCK_CAPTURE_AUTORELEASING = YES;
				CLANG_WARN_BOOL_CONVERSION = YES;
				CLANG_WARN_COMMA = YES;
				CLANG_WARN_CONSTANT_CONVERSION = YES;
				CLANG_WARN_DEPRECATED_OBJC_IMPLEMENTATIONS = YES;
				CLANG_WARN_DIRECT_OBJC_ISA_USAGE = YES_ERROR;
				CLANG_WARN_DOCUMENTATION_COMMENTS = YES;
				CLANG_WARN_EMPTY_BODY = YES;
				CLANG_WARN_ENUM_CONVERSION = YES;
				CLANG_WARN_INFINITE_RECURSION = YES;
				CLANG_WARN_INT_CONVERSION = YES;
				CLANG_WARN_NON_LITERAL_NULL_CONVERSION = YES;
				CLANG_WARN_OBJC_IMPLICIT_RETAIN_SELF = YES;
				CLANG_WARN_OBJC_LITERAL_CONVERSION = YES;
				CLANG_WARN_OBJC_ROOT_CLASS = YES_ERROR;
				CLANG_WARN_RANGE_LOOP_ANALYSIS = YES;
				CLANG_WARN_STRICT_PROTOTYPES = YES;
				CLANG_WARN_SUSPICIOUS_MOVE = YES;
				CLANG_WARN_UNGUARDED_AVAILABILITY = YES_AGGRESSIVE;
				CLANG_WARN_UNREACHABLE_CODE = YES;
				CLANG_WARN__DUPLICATE_METHOD_MATCH = YES;
				CODE_SIGN_IDENTITY = "iPhone Developer";
				COPY_PHASE_STRIP = NO;
				DEBUG_INFORMATION_FORMAT = dwarf;
				ENABLE_STRICT_OBJC_MSGSEND = YES;
				ENABLE_TESTABILITY = YES;
				GCC_C_LANGUAGE_STANDARD = gnu11;
				GCC_DYNAMIC_NO_PIC = NO;
				GCC_NO_COMMON_BLOCKS = YES;
				GCC_OPTIMIZATION_LEVEL = 0;
				GCC_PREPROCESSOR_DEFINITIONS = (
					"DEBUG=1",
					"$(inherited)",
				);
				GCC_WARN_64_TO_32_BIT_CONVERSION = YES;
				GCC_WARN_ABOUT_RETURN_TYPE = YES_ERROR;
				GCC_WARN_UNDECLARED_SELECTOR = YES;
				GCC_WARN_UNINITIALIZED_AUTOS = YES_AGGRESSIVE;
				GCC_WARN_UNUSED_FUNCTION = YES;
				GCC_WARN_UNUSED_VARIABLE = YES;
				IPHONEOS_DEPLOYMENT_TARGET = 12.1;
				MTL_ENABLE_DEBUG_INFO = INCLUDE_SOURCE;
				MTL_FAST_MATH = YES;
				ONLY_ACTIVE_ARCH = YES;
				SDKROOT = iphoneos;
				SWIFT_ACTIVE_COMPILATION_CONDITIONS = DEBUG;
				SWIFT_OPTIMIZATION_LEVEL = "-Onone";
			};
			name = Debug;
		};
		571469002228226000B66E75 /* Release */ = {
			isa = XCBuildConfiguration;
			buildSettings = {
				ALWAYS_SEARCH_USER_PATHS = NO;
				CLANG_ANALYZER_NONNULL = YES;
				CLANG_ANALYZER_NUMBER_OBJECT_CONVERSION = YES_AGGRESSIVE;
				CLANG_CXX_LANGUAGE_STANDARD = "gnu++14";
				CLANG_CXX_LIBRARY = "libc++";
				CLANG_ENABLE_MODULES = YES;
				CLANG_ENABLE_OBJC_ARC = YES;
				CLANG_ENABLE_OBJC_WEAK = YES;
				CLANG_WARN_BLOCK_CAPTURE_AUTORELEASING = YES;
				CLANG_WARN_BOOL_CONVERSION = YES;
				CLANG_WARN_COMMA = YES;
				CLANG_WARN_CONSTANT_CONVERSION = YES;
				CLANG_WARN_DEPRECATED_OBJC_IMPLEMENTATIONS = YES;
				CLANG_WARN_DIRECT_OBJC_ISA_USAGE = YES_ERROR;
				CLANG_WARN_DOCUMENTATION_COMMENTS = YES;
				CLANG_WARN_EMPTY_BODY = YES;
				CLANG_WARN_ENUM_CONVERSION = YES;
				CLANG_WARN_INFINITE_RECURSION = YES;
				CLANG_WARN_INT_CONVERSION = YES;
				CLANG_WARN_NON_LITERAL_NULL_CONVERSION = YES;
				CLANG_WARN_OBJC_IMPLICIT_RETAIN_SELF = YES;
				CLANG_WARN_OBJC_LITERAL_CONVERSION = YES;
				CLANG_WARN_OBJC_ROOT_CLASS = YES_ERROR;
				CLANG_WARN_RANGE_LOOP_ANALYSIS = YES;
				CLANG_WARN_STRICT_PROTOTYPES = YES;
				CLANG_WARN_SUSPICIOUS_MOVE = YES;
				CLANG_WARN_UNGUARDED_AVAILABILITY = YES_AGGRESSIVE;
				CLANG_WARN_UNREACHABLE_CODE = YES;
				CLANG_WARN__DUPLICATE_METHOD_MATCH = YES;
				CODE_SIGN_IDENTITY = "iPhone Developer";
				COPY_PHASE_STRIP = NO;
				DEBUG_INFORMATION_FORMAT = "dwarf-with-dsym";
				ENABLE_NS_ASSERTIONS = NO;
				ENABLE_STRICT_OBJC_MSGSEND = YES;
				GCC_C_LANGUAGE_STANDARD = gnu11;
				GCC_NO_COMMON_BLOCKS = YES;
				GCC_WARN_64_TO_32_BIT_CONVERSION = YES;
				GCC_WARN_ABOUT_RETURN_TYPE = YES_ERROR;
				GCC_WARN_UNDECLARED_SELECTOR = YES;
				GCC_WARN_UNINITIALIZED_AUTOS = YES_AGGRESSIVE;
				GCC_WARN_UNUSED_FUNCTION = YES;
				GCC_WARN_UNUSED_VARIABLE = YES;
				IPHONEOS_DEPLOYMENT_TARGET = 12.1;
				MTL_ENABLE_DEBUG_INFO = NO;
				MTL_FAST_MATH = YES;
				SDKROOT = iphoneos;
				SWIFT_COMPILATION_MODE = wholemodule;
				SWIFT_OPTIMIZATION_LEVEL = "-O";
				VALIDATE_PRODUCT = YES;
			};
			name = Release;
		};
		571469022228226000B66E75 /* Debug */ = {
			isa = XCBuildConfiguration;
			buildSettings = {
				ASSETCATALOG_COMPILER_APPICON_NAME = AppIcon;
				CODE_SIGN_STYLE = Automatic;
				DEVELOPMENT_TEAM = U9XP2P92X2;
				INFOPLIST_FILE = LifeBar/Info.plist;
				LD_RUNPATH_SEARCH_PATHS = (
					"$(inherited)",
					"@executable_path/Frameworks",
				);
				PRODUCT_BUNDLE_IDENTIFIER = br.academy.ifce.LifeBar;
				PRODUCT_NAME = "$(TARGET_NAME)";
				SWIFT_VERSION = 4.2;
				TARGETED_DEVICE_FAMILY = "1,2";
			};
			name = Debug;
		};
		571469032228226000B66E75 /* Release */ = {
			isa = XCBuildConfiguration;
			buildSettings = {
				ASSETCATALOG_COMPILER_APPICON_NAME = AppIcon;
				CODE_SIGN_STYLE = Automatic;
				DEVELOPMENT_TEAM = U9XP2P92X2;
				INFOPLIST_FILE = LifeBar/Info.plist;
				LD_RUNPATH_SEARCH_PATHS = (
					"$(inherited)",
					"@executable_path/Frameworks",
				);
				PRODUCT_BUNDLE_IDENTIFIER = br.academy.ifce.LifeBar;
				PRODUCT_NAME = "$(TARGET_NAME)";
				SWIFT_VERSION = 4.2;
				TARGETED_DEVICE_FAMILY = "1,2";
			};
			name = Release;
		};
/* End XCBuildConfiguration section */

/* Begin XCConfigurationList section */
		571468E42228225F00B66E75 /* Build configuration list for PBXProject "LifeBar" */ = {
			isa = XCConfigurationList;
			buildConfigurations = (
				571468FF2228226000B66E75 /* Debug */,
				571469002228226000B66E75 /* Release */,
			);
			defaultConfigurationIsVisible = 0;
			defaultConfigurationName = Release;
		};
		571469012228226000B66E75 /* Build configuration list for PBXNativeTarget "LifeBar" */ = {
			isa = XCConfigurationList;
			buildConfigurations = (
				571469022228226000B66E75 /* Debug */,
				571469032228226000B66E75 /* Release */,
			);
			defaultConfigurationIsVisible = 0;
			defaultConfigurationName = Release;
		};
/* End XCConfigurationList section */
	};
	rootObject = 571468E12228225F00B66E75 /* Project object */;
}
